
Microsoft Visual Studio Solution File, Format Version 12.00
# Visual Studio Version 17
VisualStudioVersion = 17.5.33516.290
MinimumVisualStudioVersion = 10.0.40219.1
Project("{9A19103F-16F7-4668-BE54-9A1E7A4F7556}") = "PRG4_M3_P1_108", "PRG4_M3_P1_108\PRG4_M3_P1_108.csproj", "{77A55474-68B4-4CE0-9AC8-7988A031B60C}"
EndProject
Global
	GlobalSection(SolutionConfigurationPlatforms) = preSolution
		Debug|Any CPU = Debug|Any CPU
		Release|Any CPU = Release|Any CPU
	EndGlobalSection
	GlobalSection(ProjectConfigurationPlatforms) = postSolution
		{77A55474-68B4-4CE0-9AC8-7988A031B60C}.Debug|Any CPU.ActiveCfg = Debug|Any CPU
		{77A55474-68B4-4CE0-9AC8-7988A031B60C}.Debug|Any CPU.Build.0 = Debug|Any CPU
		{77A55474-68B4-4CE0-9AC8-7988A031B60C}.Release|Any CPU.ActiveCfg = Release|Any CPU
		{77A55474-68B4-4CE0-9AC8-7988A031B60C}.Release|Any CPU.Build.0 = Release|Any CPU
	EndGlobalSection
	GlobalSection(SolutionProperties) = preSolution
		HideSolutionNode = FALSE
	EndGlobalSection
	GlobalSection(ExtensibilityGlobals) = postSolution
		SolutionGuid = {543E038A-4904-4941-BEAF-8F185D60B326}
	EndGlobalSection
EndGlobal
